
Microsoft Visual Studio Solution File, Format Version 12.00
Project("{FAE04EC0-301F-11D3-BF4B-00C04F79EFBC}") = "MoviesRestAPI", "MoviesRestAPI\MoviesRestAPI.csproj", "{A138B296-64AE-43BF-A030-99BA4D5A8318}"
EndProject
Project("{FAE04EC0-301F-11D3-BF4B-00C04F79EFBC}") = "MoviesRestApiTests", "MoviesRestApiTests\MoviesRestApiTests.csproj", "{3A7144CB-5183-4B0E-AD9D-98ADEA46E735}"
EndProject
Global
	GlobalSection(SolutionConfigurationPlatforms) = preSolution
		Debug|Any CPU = Debug|Any CPU
		Release|Any CPU = Release|Any CPU
	EndGlobalSection
	GlobalSection(ProjectConfigurationPlatforms) = postSolution
		{A138B296-64AE-43BF-A030-99BA4D5A8318}.Debug|Any CPU.ActiveCfg = Debug|Any CPU
		{A138B296-64AE-43BF-A030-99BA4D5A8318}.Debug|Any CPU.Build.0 = Debug|Any CPU
		{A138B296-64AE-43BF-A030-99BA4D5A8318}.Release|Any CPU.ActiveCfg = Release|Any CPU
		{A138B296-64AE-43BF-A030-99BA4D5A8318}.Release|Any CPU.Build.0 = Release|Any CPU
		{3A7144CB-5183-4B0E-AD9D-98ADEA46E735}.Debug|Any CPU.ActiveCfg = Debug|Any CPU
		{3A7144CB-5183-4B0E-AD9D-98ADEA46E735}.Debug|Any CPU.Build.0 = Debug|Any CPU
		{3A7144CB-5183-4B0E-AD9D-98ADEA46E735}.Release|Any CPU.ActiveCfg = Release|Any CPU
		{3A7144CB-5183-4B0E-AD9D-98ADEA46E735}.Release|Any CPU.Build.0 = Release|Any CPU
	EndGlobalSection
EndGlobal
